// !$*UTF8*$!
{
	archiveVersion = 1;
	classes = {
	};
	objectVersion = 46;
	objects = {

/* Begin PBXBuildFile section */
		38A3D82E1B7B15010008EFA2 /* AppDelegate.swift in Sources */ = {isa = PBXBuildFile; fileRef = 38A3D82D1B7B15010008EFA2 /* AppDelegate.swift */; };
		38A3D8301B7B15010008EFA2 /* ViewController.swift in Sources */ = {isa = PBXBuildFile; fileRef = 38A3D82F1B7B15010008EFA2 /* ViewController.swift */; };
		38A3D8331B7B15010008EFA2 /* Main.storyboard in Resources */ = {isa = PBXBuildFile; fileRef = 38A3D8311B7B15010008EFA2 /* Main.storyboard */; };
		38A3D8351B7B15010008EFA2 /* Assets.xcassets in Resources */ = {isa = PBXBuildFile; fileRef = 38A3D8341B7B15010008EFA2 /* Assets.xcassets */; };
		38A3D8381B7B15010008EFA2 /* LaunchScreen.storyboard in Resources */ = {isa = PBXBuildFile; fileRef = 38A3D8361B7B15010008EFA2 /* LaunchScreen.storyboard */; };
		38A3D8401B7B15190008EFA2 /* TextFieldsEffects.swift in Sources */ = {isa = PBXBuildFile; fileRef = 38A3D83F1B7B15190008EFA2 /* TextFieldsEffects.swift */; };
		38A3D8421B7B15630008EFA2 /* WOWTextField.swift in Sources */ = {isa = PBXBuildFile; fileRef = 38A3D8411B7B15630008EFA2 /* WOWTextField.swift */; };
		38A3D8441B7B1E910008EFA2 /* JiroTextField.swift in Sources */ = {isa = PBXBuildFile; fileRef = 38A3D8431B7B1E910008EFA2 /* JiroTextField.swift */; };
		38BE77F01B7DC99700F76D9C /* todo.txt in Resources */ = {isa = PBXBuildFile; fileRef = 38BE77EF1B7DC99700F76D9C /* todo.txt */; };
/* End PBXBuildFile section */

/* Begin PBXFileReference section */
		38A3D82A1B7B15010008EFA2 /* WOWTextFieldDemo.app */ = {isa = PBXFileReference; explicitFileType = wrapper.application; includeInIndex = 0; path = WOWTextFieldDemo.app; sourceTree = BUILT_PRODUCTS_DIR; };
		38A3D82D1B7B15010008EFA2 /* AppDelegate.swift */ = {isa = PBXFileReference; lastKnownFileType = sourcecode.swift; path = AppDelegate.swift; sourceTree = "<group>"; };
		38A3D82F1B7B15010008EFA2 /* ViewController.swift */ = {isa = PBXFileReference; lastKnownFileType = sourcecode.swift; path = ViewController.swift; sourceTree = "<group>"; };
		38A3D8321B7B15010008EFA2 /* Base */ = {isa = PBXFileReference; lastKnownFileType = file.storyboard; name = Base; path = Base.lproj/Main.storyboard; sourceTree = "<group>"; };
		38A3D8341B7B15010008EFA2 /* Assets.xcassets */ = {isa = PBXFileReference; lastKnownFileType = folder.assetcatalog; path = Assets.xcassets; sourceTree = "<group>"; };
		38A3D8371B7B15010008EFA2 /* Base */ = {isa = PBXFileReference; lastKnownFileType = file.storyboard; name = Base; path = Base.lproj/LaunchScreen.storyboard; sourceTree = "<group>"; };
		38A3D8391B7B15010008EFA2 /* Info.plist */ = {isa = PBXFileReference; lastKnownFileType = text.plist.xml; path = Info.plist; sourceTree = "<group>"; };
		38A3D83F1B7B15190008EFA2 /* TextFieldsEffects.swift */ = {isa = PBXFileReference; fileEncoding = 4; lastKnownFileType = sourcecode.swift; path = TextFieldsEffects.swift; sourceTree = "<group>"; };
		38A3D8411B7B15630008EFA2 /* WOWTextField.swift */ = {isa = PBXFileReference; fileEncoding = 4; lastKnownFileType = sourcecode.swift; path = WOWTextField.swift; sourceTree = "<group>"; };
		38A3D8431B7B1E910008EFA2 /* JiroTextField.swift */ = {isa = PBXFileReference; fileEncoding = 4; lastKnownFileType = sourcecode.swift; path = JiroTextField.swift; sourceTree = "<group>"; };
		38BE77EF1B7DC99700F76D9C /* todo.txt */ = {isa = PBXFileReference; fileEncoding = 4; lastKnownFileType = text; path = todo.txt; sourceTree = "<group>"; };
/* End PBXFileReference section */

/* Begin PBXFrameworksBuildPhase section */
		38A3D8271B7B15010008EFA2 /* Frameworks */ = {
			isa = PBXFrameworksBuildPhase;
			buildActionMask = 2147483647;
			files = (
			);
			runOnlyForDeploymentPostprocessing = 0;
		};
/* End PBXFrameworksBuildPhase section */

/* Begin PBXGroup section */
		38A3D8211B7B15010008EFA2 = {
			isa = PBXGroup;
			children = (
				38A3D82C1B7B15010008EFA2 /* WOWTextFieldDemo */,
				38A3D82B1B7B15010008EFA2 /* Products */,
			);
			sourceTree = "<group>";
		};
		38A3D82B1B7B15010008EFA2 /* Products */ = {
			isa = PBXGroup;
			children = (
				38A3D82A1B7B15010008EFA2 /* WOWTextFieldDemo.app */,
			);
			name = Products;
			sourceTree = "<group>";
		};
		38A3D82C1B7B15010008EFA2 /* WOWTextFieldDemo */ = {
			isa = PBXGroup;
			children = (
				38A3D83F1B7B15190008EFA2 /* TextFieldsEffects.swift */,
				38A3D8431B7B1E910008EFA2 /* JiroTextField.swift */,
				38A3D8411B7B15630008EFA2 /* WOWTextField.swift */,
				38A3D82D1B7B15010008EFA2 /* AppDelegate.swift */,
				38A3D82F1B7B15010008EFA2 /* ViewController.swift */,
				38A3D8311B7B15010008EFA2 /* Main.storyboard */,
				38A3D8341B7B15010008EFA2 /* Assets.xcassets */,
				38A3D8361B7B15010008EFA2 /* LaunchScreen.storyboard */,
				38A3D8391B7B15010008EFA2 /* Info.plist */,
				38BE77EF1B7DC99700F76D9C /* todo.txt */,
			);
			path = WOWTextFieldDemo;
			sourceTree = "<group>";
		};
/* End PBXGroup section */

/* Begin PBXNativeTarget section */
		38A3D8291B7B15010008EFA2 /* WOWTextFieldDemo */ = {
			isa = PBXNativeTarget;
			buildConfigurationList = 38A3D83C1B7B15010008EFA2 /* Build configuration list for PBXNativeTarget "WOWTextFieldDemo" */;
			buildPhases = (
				38A3D8261B7B15010008EFA2 /* Sources */,
				38A3D8271B7B15010008EFA2 /* Frameworks */,
				38A3D8281B7B15010008EFA2 /* Resources */,
			);
			buildRules = (
			);
			dependencies = (
			);
			name = WOWTextFieldDemo;
			productName = WOWTextFieldDemo;
			productReference = 38A3D82A1B7B15010008EFA2 /* WOWTextFieldDemo.app */;
			productType = "com.apple.product-type.application";
		};
/* End PBXNativeTarget section */

/* Begin PBXProject section */
		38A3D8221B7B15010008EFA2 /* Project object */ = {
			isa = PBXProject;
			attributes = {
				LastUpgradeCheck = 0700;
				ORGANIZATIONNAME = Zeus;
				TargetAttributes = {
					38A3D8291B7B15010008EFA2 = {
						CreatedOnToolsVersion = 7.0;
					};
				};
			};
			buildConfigurationList = 38A3D8251B7B15010008EFA2 /* Build configuration list for PBXProject "WOWTextFieldDemo" */;
			compatibilityVersion = "Xcode 3.2";
			developmentRegion = English;
			hasScannedForEncodings = 0;
			knownRegions = (
				en,
				Base,
			);
			mainGroup = 38A3D8211B7B15010008EFA2;
			productRefGroup = 38A3D82B1B7B15010008EFA2 /* Products */;
			projectDirPath = "";
			projectRoot = "";
			targets = (
				38A3D8291B7B15010008EFA2 /* WOWTextFieldDemo */,
			);
		};
/* End PBXProject section */

/* Begin PBXResourcesBuildPhase section */
		38A3D8281B7B15010008EFA2 /* Resources */ = {
			isa = PBXResourcesBuildPhase;
			buildActionMask = 2147483647;
			files = (
				38BE77F01B7DC99700F76D9C /* todo.txt in Resources */,
				38A3D8381B7B15010008EFA2 /* LaunchScreen.storyboard in Resources */,
				38A3D8351B7B15010008EFA2 /* Assets.xcassets in Resources */,
				38A3D8331B7B15010008EFA2 /* Main.storyboard in Resources */,
			);
			runOnlyForDeploymentPostprocessing = 0;
		};
/* End PBXResourcesBuildPhase section */

/* Begin PBXSourcesBuildPhase section */
		38A3D8261B7B15010008EFA2 /* Sources */ = {
			isa = PBXSourcesBuildPhase;
			buildActionMask = 2147483647;
			files = (
				38A3D8301B7B15010008EFA2 /* ViewController.swift in Sources */,
				38A3D8441B7B1E910008EFA2 /* JiroTextField.swift in Sources */,
				38A3D8421B7B15630008EFA2 /* WOWTextField.swift in Sources */,
				38A3D8401B7B15190008EFA2 /* TextFieldsEffects.swift in Sources */,
				38A3D82E1B7B15010008EFA2 /* AppDelegate.swift in Sources */,
			);
			runOnlyForDeploymentPostprocessing = 0;
		};
/* End PBXSourcesBuildPhase section */

/* Begin PBXVariantGroup section */
		38A3D8311B7B15010008EFA2 /* Main.storyboard */ = {
			isa = PBXVariantGroup;
			children = (
				38A3D8321B7B15010008EFA2 /* Base */,
			);
			name = Main.storyboard;
			sourceTree = "<group>";
		};
		38A3D8361B7B15010008EFA2 /* LaunchScreen.storyboard */ = {
			isa = PBXVariantGroup;
			children = (
				38A3D8371B7B15010008EFA2 /* Base */,
			);
			name = LaunchScreen.storyboard;
			sourceTree = "<group>";
		};
/* End PBXVariantGroup section */

/* Begin XCBuildConfiguration section */
		38A3D83A1B7B15010008EFA2 /* Debug */ = {
			isa = XCBuildConfiguration;
			buildSettings = {
				ALWAYS_SEARCH_USER_PATHS = NO;
				CLANG_CXX_LANGUAGE_STANDARD = "gnu++0x";
				CLANG_CXX_LIBRARY = "libc++";
				CLANG_ENABLE_MODULES = YES;
				CLANG_ENABLE_OBJC_ARC = YES;
				CLANG_WARN_BOOL_CONVERSION = YES;
				CLANG_WARN_CONSTANT_CONVERSION = YES;
				CLANG_WARN_DIRECT_OBJC_ISA_USAGE = YES_ERROR;
				CLANG_WARN_EMPTY_BODY = YES;
				CLANG_WARN_ENUM_CONVERSION = YES;
				CLANG_WARN_INT_CONVERSION = YES;
				CLANG_WARN_OBJC_ROOT_CLASS = YES_ERROR;
				CLANG_WARN_UNREACHABLE_CODE = YES;
				CLANG_WARN__DUPLICATE_METHOD_MATCH = YES;
				"CODE_SIGN_IDENTITY[sdk=iphoneos*]" = "iPhone Developer";
				COPY_PHASE_STRIP = NO;
				DEBUG_INFORMATION_FORMAT = dwarf;
				ENABLE_STRICT_OBJC_MSGSEND = YES;
				ENABLE_TESTABILITY = YES;
				GCC_C_LANGUAGE_STANDARD = gnu99;
				GCC_DYNAMIC_NO_PIC = NO;
				GCC_NO_COMMON_BLOCKS = YES;
				GCC_OPTIMIZATION_LEVEL = 0;
				GCC_PREPROCESSOR_DEFINITIONS = (
					"DEBUG=1",
					"$(inherited)",
				);
				GCC_WARN_64_TO_32_BIT_CONVERSION = YES;
				GCC_WARN_ABOUT_RETURN_TYPE = YES_ERROR;
				GCC_WARN_UNDECLARED_SELECTOR = YES;
				GCC_WARN_UNINITIALIZED_AUTOS = YES_AGGRESSIVE;
				GCC_WARN_UNUSED_FUNCTION = YES;
				GCC_WARN_UNUSED_VARIABLE = YES;
				IPHONEOS_DEPLOYMENT_TARGET = 9.0;
				MTL_ENABLE_DEBUG_INFO = YES;
				ONLY_ACTIVE_ARCH = YES;
				SDKROOT = iphoneos;
				SWIFT_OPTIMIZATION_LEVEL = "-Onone";
			};
			name = Debug;
		};
		38A3D83B1B7B15010008EFA2 /* Release */ = {
			isa = XCBuildConfiguration;
			buildSettings = {
				ALWAYS_SEARCH_USER_PATHS = NO;
				CLANG_CXX_LANGUAGE_STANDARD = "gnu++0x";
				CLANG_CXX_LIBRARY = "libc++";
				CLANG_ENABLE_MODULES = YES;
				CLANG_ENABLE_OBJC_ARC = YES;
				CLANG_WARN_BOOL_CONVERSION = YES;
				CLANG_WARN_CONSTANT_CONVERSION = YES;
				CLANG_WARN_DIRECT_OBJC_ISA_USAGE = YES_ERROR;
				CLANG_WARN_EMPTY_BODY = YES;
				CLANG_WARN_ENUM_CONVERSION = YES;
				CLANG_WARN_INT_CONVERSION = YES;
				CLANG_WARN_OBJC_ROOT_CLASS = YES_ERROR;
				CLANG_WARN_UNREACHABLE_CODE = YES;
				CLANG_WARN__DUPLICATE_METHOD_MATCH = YES;
				"CODE_SIGN_IDENTITY[sdk=iphoneos*]" = "iPhone Developer";
				COPY_PHASE_STRIP = NO;
				DEBUG_INFORMATION_FORMAT = "dwarf-with-dsym";
				ENABLE_NS_ASSERTIONS = NO;
				ENABLE_STRICT_OBJC_MSGSEND = YES;
				GCC_C_LANGUAGE_STANDARD = gnu99;
				GCC_NO_COMMON_BLOCKS = YES;
				GCC_WARN_64_TO_32_BIT_CONVERSION = YES;
				GCC_WARN_ABOUT_RETURN_TYPE = YES_ERROR;
				GCC_WARN_UNDECLARED_SELECTOR = YES;
				GCC_WARN_UNINITIALIZED_AUTOS = YES_AGGRESSIVE;
				GCC_WARN_UNUSED_FUNCTION = YES;
				GCC_WARN_UNUSED_VARIABLE = YES;
				IPHONEOS_DEPLOYMENT_TARGET = 9.0;
				MTL_ENABLE_DEBUG_INFO = NO;
				SDKROOT = iphoneos;
				VALIDATE_PRODUCT = YES;
			};
			name = Release;
		};
		38A3D83D1B7B15010008EFA2 /* Debug */ = {
			isa = XCBuildConfiguration;
			buildSettings = {
				ASSETCATALOG_COMPILER_APPICON_NAME = AppIcon;
				INFOPLIST_FILE = WOWTextFieldDemo/Info.plist;
				LD_RUNPATH_SEARCH_PATHS = "$(inherited) @executable_path/Frameworks";
				PRODUCT_BUNDLE_IDENTIFIER = com.wowtv.WOWTextFieldDemo;
				PRODUCT_NAME = "$(TARGET_NAME)";
			};
			name = Debug;
		};
		38A3D83E1B7B15010008EFA2 /* Release */ = {
			isa = XCBuildConfiguration;
			buildSettings = {
				ASSETCATALOG_COMPILER_APPICON_NAME = AppIcon;
				INFOPLIST_FILE = WOWTextFieldDemo/Info.plist;
				LD_RUNPATH_SEARCH_PATHS = "$(inherited) @executable_path/Frameworks";
				PRODUCT_BUNDLE_IDENTIFIER = com.wowtv.WOWTextFieldDemo;
				PRODUCT_NAME = "$(TARGET_NAME)";
			};
			name = Release;
		};
/* End XCBuildConfiguration section */

/* Begin XCConfigurationList section */
		38A3D8251B7B15010008EFA2 /* Build configuration list for PBXProject "WOWTextFieldDemo" */ = {
			isa = XCConfigurationList;
			buildConfigurations = (
				38A3D83A1B7B15010008EFA2 /* Debug */,
				38A3D83B1B7B15010008EFA2 /* Release */,
			);
			defaultConfigurationIsVisible = 0;
			defaultConfigurationName = Release;
		};
		38A3D83C1B7B15010008EFA2 /* Build configuration list for PBXNativeTarget "WOWTextFieldDemo" */ = {
			isa = XCConfigurationList;
			buildConfigurations = (
				38A3D83D1B7B15010008EFA2 /* Debug */,
				38A3D83E1B7B15010008EFA2 /* Release */,
			);
			defaultConfigurationIsVisible = 0;
			defaultConfigurationName = Release;
		};
/* End XCConfigurationList section */
	};
	rootObject = 38A3D8221B7B15010008EFA2 /* Project object */;
}
